
Microsoft Visual Studio Solution File, Format Version 12.00
# Visual Studio 14
VisualStudioVersion = 14.0.24720.0
MinimumVisualStudioVersion = 10.0.40219.1
Project("{8BC9CEB8-8B4A-11D0-8D11-00A0C91BC942}") = "tismet", "projects\tismet.vcxproj", "{399A47BF-2A33-4EE1-AC44-4AA0602D7A31}"
EndProject
Project("{8BC9CEB8-8B4A-11D0-8D11-00A0C91BC942}") = "dim", "lib\dim\projects\dim.vcxproj", "{73784937-0004-4A1B-9352-EADDB9499541}"
EndProject
Project("{8BC9CEB8-8B4A-11D0-8D11-00A0C91BC942}") = "cmdline", "lib\dim\projects\cmdline.vcxproj", "{6078BC7B-760D-4ADF-982B-B8AABE65E9D4}"
EndProject
Project("{8BC9CEB8-8B4A-11D0-8D11-00A0C91BC942}") = "dim-win8", "lib\dim\projects\dim-win8.vcxproj", "{65F1630F-2F4E-4D9A-8DAF-D59C392EA6B9}"
EndProject
Project("{8BC9CEB8-8B4A-11D0-8D11-00A0C91BC942}") = "tnet", "projects\tnet.vcxproj", "{8F78DA84-DF3F-4D7B-9A42-081D72023513}"
EndProject
Project("{8BC9CEB8-8B4A-11D0-8D11-00A0C91BC942}") = "hpack", "lib\dim\projects\hpack.vcxproj", "{E3B7C050-FF67-45B7-A4B9-57388B61C23B}"
EndProject
Project("{2150E333-8FDC-42A3-9474-1A3956D46DE8}") = "tests", "tests", "{6D1930A8-CAEB-4355-8309-68457DED5635}"
EndProject
Project("{2150E333-8FDC-42A3-9474-1A3956D46DE8}") = "tools", "tools", "{CE742391-1BBB-400C-83F0-387B3258C89C}"
EndProject
Global
	GlobalSection(SolutionConfigurationPlatforms) = preSolution
		Debug|x64 = Debug|x64
		Debug|x86 = Debug|x86
		Release|x64 = Release|x64
		Release|x86 = Release|x86
	EndGlobalSection
	GlobalSection(ProjectConfigurationPlatforms) = postSolution
		{399A47BF-2A33-4EE1-AC44-4AA0602D7A31}.Debug|x64.ActiveCfg = Debug|x64
		{399A47BF-2A33-4EE1-AC44-4AA0602D7A31}.Debug|x64.Build.0 = Debug|x64
		{399A47BF-2A33-4EE1-AC44-4AA0602D7A31}.Debug|x86.ActiveCfg = Debug|x64
		{399A47BF-2A33-4EE1-AC44-4AA0602D7A31}.Release|x64.ActiveCfg = Release|x64
		{399A47BF-2A33-4EE1-AC44-4AA0602D7A31}.Release|x64.Build.0 = Release|x64
		{399A47BF-2A33-4EE1-AC44-4AA0602D7A31}.Release|x86.ActiveCfg = Release|x64
		{73784937-0004-4A1B-9352-EADDB9499541}.Debug|x64.ActiveCfg = Debug|x64
		{73784937-0004-4A1B-9352-EADDB9499541}.Debug|x64.Build.0 = Debug|x64
		{73784937-0004-4A1B-9352-EADDB9499541}.Debug|x86.ActiveCfg = Debug|Win32
		{73784937-0004-4A1B-9352-EADDB9499541}.Debug|x86.Build.0 = Debug|Win32
		{73784937-0004-4A1B-9352-EADDB9499541}.Release|x64.ActiveCfg = Release|x64
		{73784937-0004-4A1B-9352-EADDB9499541}.Release|x64.Build.0 = Release|x64
		{73784937-0004-4A1B-9352-EADDB9499541}.Release|x86.ActiveCfg = Release|Win32
		{73784937-0004-4A1B-9352-EADDB9499541}.Release|x86.Build.0 = Release|Win32
		{6078BC7B-760D-4ADF-982B-B8AABE65E9D4}.Debug|x64.ActiveCfg = Debug|x64
		{6078BC7B-760D-4ADF-982B-B8AABE65E9D4}.Debug|x64.Build.0 = Debug|x64
		{6078BC7B-760D-4ADF-982B-B8AABE65E9D4}.Debug|x86.ActiveCfg = Debug|Win32
		{6078BC7B-760D-4ADF-982B-B8AABE65E9D4}.Debug|x86.Build.0 = Debug|Win32
		{6078BC7B-760D-4ADF-982B-B8AABE65E9D4}.Release|x64.ActiveCfg = Release|x64
		{6078BC7B-760D-4ADF-982B-B8AABE65E9D4}.Release|x64.Build.0 = Release|x64
		{6078BC7B-760D-4ADF-982B-B8AABE65E9D4}.Release|x86.ActiveCfg = Release|Win32
		{6078BC7B-760D-4ADF-982B-B8AABE65E9D4}.Release|x86.Build.0 = Release|Win32
		{65F1630F-2F4E-4D9A-8DAF-D59C392EA6B9}.Debug|x64.ActiveCfg = Debug|x64
		{65F1630F-2F4E-4D9A-8DAF-D59C392EA6B9}.Debug|x64.Build.0 = Debug|x64
		{65F1630F-2F4E-4D9A-8DAF-D59C392EA6B9}.Debug|x86.ActiveCfg = Debug|Win32
		{65F1630F-2F4E-4D9A-8DAF-D59C392EA6B9}.Debug|x86.Build.0 = Debug|Win32
		{65F1630F-2F4E-4D9A-8DAF-D59C392EA6B9}.Release|x64.ActiveCfg = Release|x64
		{65F1630F-2F4E-4D9A-8DAF-D59C392EA6B9}.Release|x64.Build.0 = Release|x64
		{65F1630F-2F4E-4D9A-8DAF-D59C392EA6B9}.Release|x86.ActiveCfg = Release|Win32
		{65F1630F-2F4E-4D9A-8DAF-D59C392EA6B9}.Release|x86.Build.0 = Release|Win32
		{8F78DA84-DF3F-4D7B-9A42-081D72023513}.Debug|x64.ActiveCfg = Debug|x64
		{8F78DA84-DF3F-4D7B-9A42-081D72023513}.Debug|x64.Build.0 = Debug|x64
		{8F78DA84-DF3F-4D7B-9A42-081D72023513}.Debug|x86.ActiveCfg = Debug|x64
		{8F78DA84-DF3F-4D7B-9A42-081D72023513}.Release|x64.ActiveCfg = Release|x64
		{8F78DA84-DF3F-4D7B-9A42-081D72023513}.Release|x64.Build.0 = Release|x64
		{8F78DA84-DF3F-4D7B-9A42-081D72023513}.Release|x86.ActiveCfg = Release|x64
		{E3B7C050-FF67-45B7-A4B9-57388B61C23B}.Debug|x64.ActiveCfg = Debug|x64
		{E3B7C050-FF67-45B7-A4B9-57388B61C23B}.Debug|x64.Build.0 = Debug|x64
		{E3B7C050-FF67-45B7-A4B9-57388B61C23B}.Debug|x86.ActiveCfg = Debug|Win32
		{E3B7C050-FF67-45B7-A4B9-57388B61C23B}.Debug|x86.Build.0 = Debug|Win32
		{E3B7C050-FF67-45B7-A4B9-57388B61C23B}.Release|x64.ActiveCfg = Release|x64
		{E3B7C050-FF67-45B7-A4B9-57388B61C23B}.Release|x64.Build.0 = Release|x64
		{E3B7C050-FF67-45B7-A4B9-57388B61C23B}.Release|x86.ActiveCfg = Release|Win32
		{E3B7C050-FF67-45B7-A4B9-57388B61C23B}.Release|x86.Build.0 = Release|Win32
	EndGlobalSection
	GlobalSection(SolutionProperties) = preSolution
		HideSolutionNode = FALSE
	EndGlobalSection
	GlobalSection(NestedProjects) = preSolution
		{399A47BF-2A33-4EE1-AC44-4AA0602D7A31} = {CE742391-1BBB-400C-83F0-387B3258C89C}
		{6078BC7B-760D-4ADF-982B-B8AABE65E9D4} = {6D1930A8-CAEB-4355-8309-68457DED5635}
		{8F78DA84-DF3F-4D7B-9A42-081D72023513} = {CE742391-1BBB-400C-83F0-387B3258C89C}
		{E3B7C050-FF67-45B7-A4B9-57388B61C23B} = {6D1930A8-CAEB-4355-8309-68457DED5635}
	EndGlobalSection
EndGlobal
