Microsoft Visual Studio Solution File, Format Version 12.00
# Visual Studio 15
Project("{2150E333-8FDC-42A3-9474-1A3956D46DE8}") = "CMakePredefinedTargets", "CMakePredefinedTargets", "{9C6142D6-0898-3B83-B0EF-4B971E4132F8}"
EndProject
Project("{2150E333-8FDC-42A3-9474-1A3956D46DE8}") = "config", "config", "{32B684C8-E3DB-30AD-B4EC-7618CD0F19FB}"
EndProject
Project("{2150E333-8FDC-42A3-9474-1A3956D46DE8}") = "libs", "libs", "{3DBC0C3B-F68D-3056-B321-D18285527E1B}"
EndProject
Project("{2150E333-8FDC-42A3-9474-1A3956D46DE8}") = "tests", "tests", "{7F061771-4420-3F7E-A54A-6850C2959CA4}"
EndProject
Project("{2150E333-8FDC-42A3-9474-1A3956D46DE8}") = "tools", "tools", "{5C83839A-EF0E-394F-BEFC-E7A5546DBFEB}"
EndProject
Project("{8BC9CEB8-8B4A-11D0-8D11-00A0C91BC942}") = "ALL_BUILD", "build/ALL_BUILD.vcxproj", "{DEA35E7F-8358-3A03-9E1F-CE674B2C9B3F}"
	ProjectSection(ProjectDependencies) = postProject
		{14CF728B-5B0C-310A-ADD0-7165CEA2D1C6} = {14CF728B-5B0C-310A-ADD0-7165CEA2D1C6}
		{9108083A-D440-3634-B71C-8C9C9183534F} = {9108083A-D440-3634-B71C-8C9C9183534F}
		{8FF8839A-1D48-3130-857B-2E0452CAB2DD} = {8FF8839A-1D48-3130-857B-2E0452CAB2DD}
		{2489F02C-3910-3DC7-A558-76D99CEA5A04} = {2489F02C-3910-3DC7-A558-76D99CEA5A04}
		{759A842A-DAE8-3685-BB49-A6AC987DE764} = {759A842A-DAE8-3685-BB49-A6AC987DE764}
		{DE7EAA0A-1CAF-346B-BCB4-D3158E734FEF} = {DE7EAA0A-1CAF-346B-BCB4-D3158E734FEF}
		{71E0AC2B-56AF-3504-8CD0-248294B8534F} = {71E0AC2B-56AF-3504-8CD0-248294B8534F}
		{6A87FC9B-C743-3FFF-85C0-B319CC9CAB02} = {6A87FC9B-C743-3FFF-85C0-B319CC9CAB02}
		{976D9658-FD86-3950-8687-AAA9FEF6B725} = {976D9658-FD86-3950-8687-AAA9FEF6B725}
		{DF247232-E76F-35A9-91A9-90BFA5E911A6} = {DF247232-E76F-35A9-91A9-90BFA5E911A6}
		{2C5CA950-461C-3F8D-8C65-C09987C99171} = {2C5CA950-461C-3F8D-8C65-C09987C99171}
	EndProjectSection
EndProject
Project("{8BC9CEB8-8B4A-11D0-8D11-00A0C91BC942}") = "INSTALL", "build/INSTALL.vcxproj", "{8FC7EA6E-4EB0-3880-8737-1CE6C1DAE3E0}"
	ProjectSection(ProjectDependencies) = postProject
		{DEA35E7F-8358-3A03-9E1F-CE674B2C9B3F} = {DEA35E7F-8358-3A03-9E1F-CE674B2C9B3F}
		{14CF728B-5B0C-310A-ADD0-7165CEA2D1C6} = {14CF728B-5B0C-310A-ADD0-7165CEA2D1C6}
	EndProjectSection
EndProject
Project("{8BC9CEB8-8B4A-11D0-8D11-00A0C91BC942}") = "RUN_TESTS", "build/RUN_TESTS.vcxproj", "{67AB0B8B-788C-3270-8EF0-8FB3A9CCF13B}"
	ProjectSection(ProjectDependencies) = postProject
		{14CF728B-5B0C-310A-ADD0-7165CEA2D1C6} = {14CF728B-5B0C-310A-ADD0-7165CEA2D1C6}
	EndProjectSection
EndProject
Project("{8BC9CEB8-8B4A-11D0-8D11-00A0C91BC942}") = "ZERO_CHECK", "build/ZERO_CHECK.vcxproj", "{14CF728B-5B0C-310A-ADD0-7165CEA2D1C6}"
	ProjectSection(ProjectDependencies) = postProject
	EndProjectSection
EndProject
Project("{8BC9CEB8-8B4A-11D0-8D11-00A0C91BC942}") = "_meta", "build/_meta.vcxproj", "{5B2E47BE-6D59-34A0-874C-5E602CA4FC51}"
	ProjectSection(ProjectDependencies) = postProject
		{14CF728B-5B0C-310A-ADD0-7165CEA2D1C6} = {14CF728B-5B0C-310A-ADD0-7165CEA2D1C6}
	EndProjectSection
EndProject
Project("{8BC9CEB8-8B4A-11D0-8D11-00A0C91BC942}") = "dimapp-app", "build/vendor\dimapp\dimapp-app.vcxproj", "{9108083A-D440-3634-B71C-8C9C9183534F}"
	ProjectSection(ProjectDependencies) = postProject
		{14CF728B-5B0C-310A-ADD0-7165CEA2D1C6} = {14CF728B-5B0C-310A-ADD0-7165CEA2D1C6}
	EndProjectSection
EndProject
Project("{8BC9CEB8-8B4A-11D0-8D11-00A0C91BC942}") = "dimapp-cli", "build/vendor\dimapp\dimapp-cli.vcxproj", "{8FF8839A-1D48-3130-857B-2E0452CAB2DD}"
	ProjectSection(ProjectDependencies) = postProject
		{14CF728B-5B0C-310A-ADD0-7165CEA2D1C6} = {14CF728B-5B0C-310A-ADD0-7165CEA2D1C6}
	EndProjectSection
EndProject
Project("{8BC9CEB8-8B4A-11D0-8D11-00A0C91BC942}") = "dimapp-config", "build/vendor\dimapp\dimapp-config.vcxproj", "{DED7703A-09EF-3A12-B5B3-E5BAD9FCFB47}"
	ProjectSection(ProjectDependencies) = postProject
		{14CF728B-5B0C-310A-ADD0-7165CEA2D1C6} = {14CF728B-5B0C-310A-ADD0-7165CEA2D1C6}
	EndProjectSection
EndProject
Project("{8BC9CEB8-8B4A-11D0-8D11-00A0C91BC942}") = "dimapp-core", "build/vendor\dimapp\dimapp-core.vcxproj", "{2489F02C-3910-3DC7-A558-76D99CEA5A04}"
	ProjectSection(ProjectDependencies) = postProject
		{14CF728B-5B0C-310A-ADD0-7165CEA2D1C6} = {14CF728B-5B0C-310A-ADD0-7165CEA2D1C6}
	EndProjectSection
EndProject
Project("{8BC9CEB8-8B4A-11D0-8D11-00A0C91BC942}") = "dimapp-json", "build/vendor\dimapp\dimapp-json.vcxproj", "{EDF0828F-ACAB-33A4-B070-8A1670AA983A}"
	ProjectSection(ProjectDependencies) = postProject
		{14CF728B-5B0C-310A-ADD0-7165CEA2D1C6} = {14CF728B-5B0C-310A-ADD0-7165CEA2D1C6}
	EndProjectSection
EndProject
Project("{8BC9CEB8-8B4A-11D0-8D11-00A0C91BC942}") = "dimapp-net", "build/vendor\dimapp\dimapp-net.vcxproj", "{759A842A-DAE8-3685-BB49-A6AC987DE764}"
	ProjectSection(ProjectDependencies) = postProject
		{14CF728B-5B0C-310A-ADD0-7165CEA2D1C6} = {14CF728B-5B0C-310A-ADD0-7165CEA2D1C6}
	EndProjectSection
EndProject
Project("{8BC9CEB8-8B4A-11D0-8D11-00A0C91BC942}") = "dimapp-win", "build/vendor\dimapp\dimapp-win.vcxproj", "{DE7EAA0A-1CAF-346B-BCB4-D3158E734FEF}"
	ProjectSection(ProjectDependencies) = postProject
		{14CF728B-5B0C-310A-ADD0-7165CEA2D1C6} = {14CF728B-5B0C-310A-ADD0-7165CEA2D1C6}
	EndProjectSection
EndProject
Project("{8BC9CEB8-8B4A-11D0-8D11-00A0C91BC942}") = "dimapp-xml", "build/vendor\dimapp\dimapp-xml.vcxproj", "{71E0AC2B-56AF-3504-8CD0-248294B8534F}"
	ProjectSection(ProjectDependencies) = postProject
		{14CF728B-5B0C-310A-ADD0-7165CEA2D1C6} = {14CF728B-5B0C-310A-ADD0-7165CEA2D1C6}
	EndProjectSection
EndProject
Project("{8BC9CEB8-8B4A-11D0-8D11-00A0C91BC942}") = "load", "build/load.vcxproj", "{6A87FC9B-C743-3FFF-85C0-B319CC9CAB02}"
	ProjectSection(ProjectDependencies) = postProject
		{14CF728B-5B0C-310A-ADD0-7165CEA2D1C6} = {14CF728B-5B0C-310A-ADD0-7165CEA2D1C6}
		{9108083A-D440-3634-B71C-8C9C9183534F} = {9108083A-D440-3634-B71C-8C9C9183534F}
		{8FF8839A-1D48-3130-857B-2E0452CAB2DD} = {8FF8839A-1D48-3130-857B-2E0452CAB2DD}
		{2489F02C-3910-3DC7-A558-76D99CEA5A04} = {2489F02C-3910-3DC7-A558-76D99CEA5A04}
		{759A842A-DAE8-3685-BB49-A6AC987DE764} = {759A842A-DAE8-3685-BB49-A6AC987DE764}
		{DE7EAA0A-1CAF-346B-BCB4-D3158E734FEF} = {DE7EAA0A-1CAF-346B-BCB4-D3158E734FEF}
		{71E0AC2B-56AF-3504-8CD0-248294B8534F} = {71E0AC2B-56AF-3504-8CD0-248294B8534F}
		{DF247232-E76F-35A9-91A9-90BFA5E911A6} = {DF247232-E76F-35A9-91A9-90BFA5E911A6}
	EndProjectSection
EndProject
Project("{8BC9CEB8-8B4A-11D0-8D11-00A0C91BC942}") = "radix", "build/radix.vcxproj", "{976D9658-FD86-3950-8687-AAA9FEF6B725}"
	ProjectSection(ProjectDependencies) = postProject
		{14CF728B-5B0C-310A-ADD0-7165CEA2D1C6} = {14CF728B-5B0C-310A-ADD0-7165CEA2D1C6}
		{9108083A-D440-3634-B71C-8C9C9183534F} = {9108083A-D440-3634-B71C-8C9C9183534F}
		{8FF8839A-1D48-3130-857B-2E0452CAB2DD} = {8FF8839A-1D48-3130-857B-2E0452CAB2DD}
		{2489F02C-3910-3DC7-A558-76D99CEA5A04} = {2489F02C-3910-3DC7-A558-76D99CEA5A04}
		{759A842A-DAE8-3685-BB49-A6AC987DE764} = {759A842A-DAE8-3685-BB49-A6AC987DE764}
		{DE7EAA0A-1CAF-346B-BCB4-D3158E734FEF} = {DE7EAA0A-1CAF-346B-BCB4-D3158E734FEF}
		{71E0AC2B-56AF-3504-8CD0-248294B8534F} = {71E0AC2B-56AF-3504-8CD0-248294B8534F}
		{DF247232-E76F-35A9-91A9-90BFA5E911A6} = {DF247232-E76F-35A9-91A9-90BFA5E911A6}
	EndProjectSection
EndProject
Project("{8BC9CEB8-8B4A-11D0-8D11-00A0C91BC942}") = "tismet", "build/tismet.vcxproj", "{DF247232-E76F-35A9-91A9-90BFA5E911A6}"
	ProjectSection(ProjectDependencies) = postProject
		{14CF728B-5B0C-310A-ADD0-7165CEA2D1C6} = {14CF728B-5B0C-310A-ADD0-7165CEA2D1C6}
	EndProjectSection
EndProject
Project("{8BC9CEB8-8B4A-11D0-8D11-00A0C91BC942}") = "tismetd", "build/tismetd.vcxproj", "{2C5CA950-461C-3F8D-8C65-C09987C99171}"
	ProjectSection(ProjectDependencies) = postProject
		{14CF728B-5B0C-310A-ADD0-7165CEA2D1C6} = {14CF728B-5B0C-310A-ADD0-7165CEA2D1C6}
		{9108083A-D440-3634-B71C-8C9C9183534F} = {9108083A-D440-3634-B71C-8C9C9183534F}
		{8FF8839A-1D48-3130-857B-2E0452CAB2DD} = {8FF8839A-1D48-3130-857B-2E0452CAB2DD}
		{2489F02C-3910-3DC7-A558-76D99CEA5A04} = {2489F02C-3910-3DC7-A558-76D99CEA5A04}
		{759A842A-DAE8-3685-BB49-A6AC987DE764} = {759A842A-DAE8-3685-BB49-A6AC987DE764}
		{DE7EAA0A-1CAF-346B-BCB4-D3158E734FEF} = {DE7EAA0A-1CAF-346B-BCB4-D3158E734FEF}
		{71E0AC2B-56AF-3504-8CD0-248294B8534F} = {71E0AC2B-56AF-3504-8CD0-248294B8534F}
		{DF247232-E76F-35A9-91A9-90BFA5E911A6} = {DF247232-E76F-35A9-91A9-90BFA5E911A6}
	EndProjectSection
EndProject
Global
	GlobalSection(SolutionConfigurationPlatforms) = preSolution
		Debug|x64 = Debug|x64
		Release|x64 = Release|x64
	EndGlobalSection
	GlobalSection(ProjectConfigurationPlatforms) = postSolution
		{DEA35E7F-8358-3A03-9E1F-CE674B2C9B3F}.Debug|x64.ActiveCfg = Debug|x64
		{DEA35E7F-8358-3A03-9E1F-CE674B2C9B3F}.Debug|x64.Build.0 = Debug|x64
		{DEA35E7F-8358-3A03-9E1F-CE674B2C9B3F}.Release|x64.ActiveCfg = Release|x64
		{DEA35E7F-8358-3A03-9E1F-CE674B2C9B3F}.Release|x64.Build.0 = Release|x64
		{8FC7EA6E-4EB0-3880-8737-1CE6C1DAE3E0}.Debug|x64.ActiveCfg = Debug|x64
		{8FC7EA6E-4EB0-3880-8737-1CE6C1DAE3E0}.Release|x64.ActiveCfg = Release|x64
		{67AB0B8B-788C-3270-8EF0-8FB3A9CCF13B}.Debug|x64.ActiveCfg = Debug|x64
		{67AB0B8B-788C-3270-8EF0-8FB3A9CCF13B}.Release|x64.ActiveCfg = Release|x64
		{14CF728B-5B0C-310A-ADD0-7165CEA2D1C6}.Debug|x64.ActiveCfg = Debug|x64
		{14CF728B-5B0C-310A-ADD0-7165CEA2D1C6}.Debug|x64.Build.0 = Debug|x64
		{14CF728B-5B0C-310A-ADD0-7165CEA2D1C6}.Release|x64.ActiveCfg = Release|x64
		{14CF728B-5B0C-310A-ADD0-7165CEA2D1C6}.Release|x64.Build.0 = Release|x64
		{5B2E47BE-6D59-34A0-874C-5E602CA4FC51}.Debug|x64.ActiveCfg = Debug|x64
		{5B2E47BE-6D59-34A0-874C-5E602CA4FC51}.Release|x64.ActiveCfg = Release|x64
		{9108083A-D440-3634-B71C-8C9C9183534F}.Debug|x64.ActiveCfg = Debug|x64
		{9108083A-D440-3634-B71C-8C9C9183534F}.Debug|x64.Build.0 = Debug|x64
		{9108083A-D440-3634-B71C-8C9C9183534F}.Release|x64.ActiveCfg = Release|x64
		{9108083A-D440-3634-B71C-8C9C9183534F}.Release|x64.Build.0 = Release|x64
		{8FF8839A-1D48-3130-857B-2E0452CAB2DD}.Debug|x64.ActiveCfg = Debug|x64
		{8FF8839A-1D48-3130-857B-2E0452CAB2DD}.Debug|x64.Build.0 = Debug|x64
		{8FF8839A-1D48-3130-857B-2E0452CAB2DD}.Release|x64.ActiveCfg = Release|x64
		{8FF8839A-1D48-3130-857B-2E0452CAB2DD}.Release|x64.Build.0 = Release|x64
		{DED7703A-09EF-3A12-B5B3-E5BAD9FCFB47}.Debug|x64.ActiveCfg = Debug|x64
		{DED7703A-09EF-3A12-B5B3-E5BAD9FCFB47}.Release|x64.ActiveCfg = Release|x64
		{2489F02C-3910-3DC7-A558-76D99CEA5A04}.Debug|x64.ActiveCfg = Debug|x64
		{2489F02C-3910-3DC7-A558-76D99CEA5A04}.Debug|x64.Build.0 = Debug|x64
		{2489F02C-3910-3DC7-A558-76D99CEA5A04}.Release|x64.ActiveCfg = Release|x64
		{2489F02C-3910-3DC7-A558-76D99CEA5A04}.Release|x64.Build.0 = Release|x64
		{EDF0828F-ACAB-33A4-B070-8A1670AA983A}.Debug|x64.ActiveCfg = Debug|x64
		{EDF0828F-ACAB-33A4-B070-8A1670AA983A}.Release|x64.ActiveCfg = Release|x64
		{759A842A-DAE8-3685-BB49-A6AC987DE764}.Debug|x64.ActiveCfg = Debug|x64
		{759A842A-DAE8-3685-BB49-A6AC987DE764}.Debug|x64.Build.0 = Debug|x64
		{759A842A-DAE8-3685-BB49-A6AC987DE764}.Release|x64.ActiveCfg = Release|x64
		{759A842A-DAE8-3685-BB49-A6AC987DE764}.Release|x64.Build.0 = Release|x64
		{DE7EAA0A-1CAF-346B-BCB4-D3158E734FEF}.Debug|x64.ActiveCfg = Debug|x64
		{DE7EAA0A-1CAF-346B-BCB4-D3158E734FEF}.Debug|x64.Build.0 = Debug|x64
		{DE7EAA0A-1CAF-346B-BCB4-D3158E734FEF}.Release|x64.ActiveCfg = Release|x64
		{DE7EAA0A-1CAF-346B-BCB4-D3158E734FEF}.Release|x64.Build.0 = Release|x64
		{71E0AC2B-56AF-3504-8CD0-248294B8534F}.Debug|x64.ActiveCfg = Debug|x64
		{71E0AC2B-56AF-3504-8CD0-248294B8534F}.Debug|x64.Build.0 = Debug|x64
		{71E0AC2B-56AF-3504-8CD0-248294B8534F}.Release|x64.ActiveCfg = Release|x64
		{71E0AC2B-56AF-3504-8CD0-248294B8534F}.Release|x64.Build.0 = Release|x64
		{6A87FC9B-C743-3FFF-85C0-B319CC9CAB02}.Debug|x64.ActiveCfg = Debug|x64
		{6A87FC9B-C743-3FFF-85C0-B319CC9CAB02}.Debug|x64.Build.0 = Debug|x64
		{6A87FC9B-C743-3FFF-85C0-B319CC9CAB02}.Release|x64.ActiveCfg = Release|x64
		{6A87FC9B-C743-3FFF-85C0-B319CC9CAB02}.Release|x64.Build.0 = Release|x64
		{976D9658-FD86-3950-8687-AAA9FEF6B725}.Debug|x64.ActiveCfg = Debug|x64
		{976D9658-FD86-3950-8687-AAA9FEF6B725}.Debug|x64.Build.0 = Debug|x64
		{976D9658-FD86-3950-8687-AAA9FEF6B725}.Release|x64.ActiveCfg = Release|x64
		{976D9658-FD86-3950-8687-AAA9FEF6B725}.Release|x64.Build.0 = Release|x64
		{DF247232-E76F-35A9-91A9-90BFA5E911A6}.Debug|x64.ActiveCfg = Debug|x64
		{DF247232-E76F-35A9-91A9-90BFA5E911A6}.Debug|x64.Build.0 = Debug|x64
		{DF247232-E76F-35A9-91A9-90BFA5E911A6}.Release|x64.ActiveCfg = Release|x64
		{DF247232-E76F-35A9-91A9-90BFA5E911A6}.Release|x64.Build.0 = Release|x64
		{2C5CA950-461C-3F8D-8C65-C09987C99171}.Debug|x64.ActiveCfg = Debug|x64
		{2C5CA950-461C-3F8D-8C65-C09987C99171}.Debug|x64.Build.0 = Debug|x64
		{2C5CA950-461C-3F8D-8C65-C09987C99171}.Release|x64.ActiveCfg = Release|x64
		{2C5CA950-461C-3F8D-8C65-C09987C99171}.Release|x64.Build.0 = Release|x64
	EndGlobalSection
	GlobalSection(NestedProjects) = preSolution
		{DEA35E7F-8358-3A03-9E1F-CE674B2C9B3F} = {9C6142D6-0898-3B83-B0EF-4B971E4132F8}
		{8FC7EA6E-4EB0-3880-8737-1CE6C1DAE3E0} = {9C6142D6-0898-3B83-B0EF-4B971E4132F8}
		{67AB0B8B-788C-3270-8EF0-8FB3A9CCF13B} = {9C6142D6-0898-3B83-B0EF-4B971E4132F8}
		{14CF728B-5B0C-310A-ADD0-7165CEA2D1C6} = {9C6142D6-0898-3B83-B0EF-4B971E4132F8}
		{5B2E47BE-6D59-34A0-874C-5E602CA4FC51} = {32B684C8-E3DB-30AD-B4EC-7618CD0F19FB}
		{9108083A-D440-3634-B71C-8C9C9183534F} = {3DBC0C3B-F68D-3056-B321-D18285527E1B}
		{8FF8839A-1D48-3130-857B-2E0452CAB2DD} = {3DBC0C3B-F68D-3056-B321-D18285527E1B}
		{DED7703A-09EF-3A12-B5B3-E5BAD9FCFB47} = {3DBC0C3B-F68D-3056-B321-D18285527E1B}
		{2489F02C-3910-3DC7-A558-76D99CEA5A04} = {3DBC0C3B-F68D-3056-B321-D18285527E1B}
		{EDF0828F-ACAB-33A4-B070-8A1670AA983A} = {3DBC0C3B-F68D-3056-B321-D18285527E1B}
		{759A842A-DAE8-3685-BB49-A6AC987DE764} = {3DBC0C3B-F68D-3056-B321-D18285527E1B}
		{DE7EAA0A-1CAF-346B-BCB4-D3158E734FEF} = {3DBC0C3B-F68D-3056-B321-D18285527E1B}
		{71E0AC2B-56AF-3504-8CD0-248294B8534F} = {3DBC0C3B-F68D-3056-B321-D18285527E1B}
		{DF247232-E76F-35A9-91A9-90BFA5E911A6} = {3DBC0C3B-F68D-3056-B321-D18285527E1B}
		{976D9658-FD86-3950-8687-AAA9FEF6B725} = {7F061771-4420-3F7E-A54A-6850C2959CA4}
		{6A87FC9B-C743-3FFF-85C0-B319CC9CAB02} = {5C83839A-EF0E-394F-BEFC-E7A5546DBFEB}
		{2C5CA950-461C-3F8D-8C65-C09987C99171} = {5C83839A-EF0E-394F-BEFC-E7A5546DBFEB}
	EndGlobalSection
	GlobalSection(ExtensibilityGlobals) = postSolution
	EndGlobalSection
	GlobalSection(ExtensibilityAddIns) = postSolution
	EndGlobalSection
EndGlobal
