Microsoft Visual Studio Solution File, Format Version 12.00
# Visual Studio 14
Project("{2150E333-8FDC-42A3-9474-1A3956D46DE8}") = "CMakePredefinedTargets", "CMakePredefinedTargets", "{9C6142D6-0898-3B83-B0EF-4B971E4132F8}"
EndProject
Project("{2150E333-8FDC-42A3-9474-1A3956D46DE8}") = "_meta", "_meta", "{E96722D1-567A-3BED-928A-98D4EE8AA2FA}"
EndProject
Project("{2150E333-8FDC-42A3-9474-1A3956D46DE8}") = "tools", "tools", "{5C83839A-EF0E-394F-BEFC-E7A5546DBFEB}"
EndProject
Project("{2150E333-8FDC-42A3-9474-1A3956D46DE8}") = "vendor", "vendor", "{AAAF2004-89DF-3FED-9337-07237CB68773}"
EndProject
Project("{8BC9CEB8-8B4A-11D0-8D11-00A0C91BC942}") = "ALL_BUILD", "build/ALL_BUILD.vcxproj", "{DEA35E7F-8358-3A03-9E1F-CE674B2C9B3F}"
	ProjectSection(ProjectDependencies) = postProject
		{14CF728B-5B0C-310A-ADD0-7165CEA2D1C6} = {14CF728B-5B0C-310A-ADD0-7165CEA2D1C6}
		{343DC320-B473-3B59-A194-C7FE0FCCCD85} = {343DC320-B473-3B59-A194-C7FE0FCCCD85}
		{8FF8839A-1D48-3130-857B-2E0452CAB2DD} = {8FF8839A-1D48-3130-857B-2E0452CAB2DD}
		{65929995-E37C-33F0-8230-D0D05B8338B4} = {65929995-E37C-33F0-8230-D0D05B8338B4}
		{71E0AC2B-56AF-3504-8CD0-248294B8534F} = {71E0AC2B-56AF-3504-8CD0-248294B8534F}
		{6A87FC9B-C743-3FFF-85C0-B319CC9CAB02} = {6A87FC9B-C743-3FFF-85C0-B319CC9CAB02}
		{DF247232-E76F-35A9-91A9-90BFA5E911A6} = {DF247232-E76F-35A9-91A9-90BFA5E911A6}
	EndProjectSection
EndProject
Project("{8BC9CEB8-8B4A-11D0-8D11-00A0C91BC942}") = "INSTALL", "build/INSTALL.vcxproj", "{8FC7EA6E-4EB0-3880-8737-1CE6C1DAE3E0}"
	ProjectSection(ProjectDependencies) = postProject
		{DEA35E7F-8358-3A03-9E1F-CE674B2C9B3F} = {DEA35E7F-8358-3A03-9E1F-CE674B2C9B3F}
		{14CF728B-5B0C-310A-ADD0-7165CEA2D1C6} = {14CF728B-5B0C-310A-ADD0-7165CEA2D1C6}
	EndProjectSection
EndProject
Project("{8BC9CEB8-8B4A-11D0-8D11-00A0C91BC942}") = "RUN_TESTS", "build/RUN_TESTS.vcxproj", "{67AB0B8B-788C-3270-8EF0-8FB3A9CCF13B}"
	ProjectSection(ProjectDependencies) = postProject
		{14CF728B-5B0C-310A-ADD0-7165CEA2D1C6} = {14CF728B-5B0C-310A-ADD0-7165CEA2D1C6}
	EndProjectSection
EndProject
Project("{8BC9CEB8-8B4A-11D0-8D11-00A0C91BC942}") = "ZERO_CHECK", "build/ZERO_CHECK.vcxproj", "{14CF728B-5B0C-310A-ADD0-7165CEA2D1C6}"
	ProjectSection(ProjectDependencies) = postProject
	EndProjectSection
EndProject
Project("{8BC9CEB8-8B4A-11D0-8D11-00A0C91BC942}") = "_meta", "build/_meta.vcxproj", "{5B2E47BE-6D59-34A0-874C-5E602CA4FC51}"
	ProjectSection(ProjectDependencies) = postProject
		{14CF728B-5B0C-310A-ADD0-7165CEA2D1C6} = {14CF728B-5B0C-310A-ADD0-7165CEA2D1C6}
	EndProjectSection
EndProject
Project("{8BC9CEB8-8B4A-11D0-8D11-00A0C91BC942}") = "dimapp", "build/vendor\dimapp\dimapp.vcxproj", "{343DC320-B473-3B59-A194-C7FE0FCCCD85}"
	ProjectSection(ProjectDependencies) = postProject
		{14CF728B-5B0C-310A-ADD0-7165CEA2D1C6} = {14CF728B-5B0C-310A-ADD0-7165CEA2D1C6}
	EndProjectSection
EndProject
Project("{8BC9CEB8-8B4A-11D0-8D11-00A0C91BC942}") = "dimapp-cli", "build/vendor\dimapp\dimapp-cli.vcxproj", "{8FF8839A-1D48-3130-857B-2E0452CAB2DD}"
	ProjectSection(ProjectDependencies) = postProject
		{14CF728B-5B0C-310A-ADD0-7165CEA2D1C6} = {14CF728B-5B0C-310A-ADD0-7165CEA2D1C6}
	EndProjectSection
EndProject
Project("{8BC9CEB8-8B4A-11D0-8D11-00A0C91BC942}") = "dimapp-win8", "build/vendor\dimapp\dimapp-win8.vcxproj", "{65929995-E37C-33F0-8230-D0D05B8338B4}"
	ProjectSection(ProjectDependencies) = postProject
		{14CF728B-5B0C-310A-ADD0-7165CEA2D1C6} = {14CF728B-5B0C-310A-ADD0-7165CEA2D1C6}
	EndProjectSection
EndProject
Project("{8BC9CEB8-8B4A-11D0-8D11-00A0C91BC942}") = "dimapp-xml", "build/vendor\dimapp\dimapp-xml.vcxproj", "{71E0AC2B-56AF-3504-8CD0-248294B8534F}"
	ProjectSection(ProjectDependencies) = postProject
		{14CF728B-5B0C-310A-ADD0-7165CEA2D1C6} = {14CF728B-5B0C-310A-ADD0-7165CEA2D1C6}
	EndProjectSection
EndProject
Project("{8BC9CEB8-8B4A-11D0-8D11-00A0C91BC942}") = "load", "build/load.vcxproj", "{6A87FC9B-C743-3FFF-85C0-B319CC9CAB02}"
	ProjectSection(ProjectDependencies) = postProject
		{14CF728B-5B0C-310A-ADD0-7165CEA2D1C6} = {14CF728B-5B0C-310A-ADD0-7165CEA2D1C6}
	EndProjectSection
EndProject
Project("{8BC9CEB8-8B4A-11D0-8D11-00A0C91BC942}") = "tismet", "build/tismet.vcxproj", "{DF247232-E76F-35A9-91A9-90BFA5E911A6}"
	ProjectSection(ProjectDependencies) = postProject
		{14CF728B-5B0C-310A-ADD0-7165CEA2D1C6} = {14CF728B-5B0C-310A-ADD0-7165CEA2D1C6}
	EndProjectSection
EndProject
Global
	GlobalSection(SolutionConfigurationPlatforms) = preSolution
		Debug|x64 = Debug|x64
		Release|x64 = Release|x64
	EndGlobalSection
	GlobalSection(ProjectConfigurationPlatforms) = postSolution
		{DEA35E7F-8358-3A03-9E1F-CE674B2C9B3F}.Debug|x64.ActiveCfg = Debug|x64
		{DEA35E7F-8358-3A03-9E1F-CE674B2C9B3F}.Debug|x64.Build.0 = Debug|x64
		{DEA35E7F-8358-3A03-9E1F-CE674B2C9B3F}.Release|x64.ActiveCfg = Release|x64
		{DEA35E7F-8358-3A03-9E1F-CE674B2C9B3F}.Release|x64.Build.0 = Release|x64
		{8FC7EA6E-4EB0-3880-8737-1CE6C1DAE3E0}.Debug|x64.ActiveCfg = Debug|x64
		{8FC7EA6E-4EB0-3880-8737-1CE6C1DAE3E0}.Release|x64.ActiveCfg = Release|x64
		{67AB0B8B-788C-3270-8EF0-8FB3A9CCF13B}.Debug|x64.ActiveCfg = Debug|x64
		{67AB0B8B-788C-3270-8EF0-8FB3A9CCF13B}.Release|x64.ActiveCfg = Release|x64
		{14CF728B-5B0C-310A-ADD0-7165CEA2D1C6}.Debug|x64.ActiveCfg = Debug|x64
		{14CF728B-5B0C-310A-ADD0-7165CEA2D1C6}.Debug|x64.Build.0 = Debug|x64
		{14CF728B-5B0C-310A-ADD0-7165CEA2D1C6}.Release|x64.ActiveCfg = Release|x64
		{14CF728B-5B0C-310A-ADD0-7165CEA2D1C6}.Release|x64.Build.0 = Release|x64
		{5B2E47BE-6D59-34A0-874C-5E602CA4FC51}.Debug|x64.ActiveCfg = Debug|x64
		{5B2E47BE-6D59-34A0-874C-5E602CA4FC51}.Release|x64.ActiveCfg = Release|x64
		{343DC320-B473-3B59-A194-C7FE0FCCCD85}.Debug|x64.ActiveCfg = Debug|x64
		{343DC320-B473-3B59-A194-C7FE0FCCCD85}.Debug|x64.Build.0 = Debug|x64
		{343DC320-B473-3B59-A194-C7FE0FCCCD85}.Release|x64.ActiveCfg = Release|x64
		{343DC320-B473-3B59-A194-C7FE0FCCCD85}.Release|x64.Build.0 = Release|x64
		{8FF8839A-1D48-3130-857B-2E0452CAB2DD}.Debug|x64.ActiveCfg = Debug|x64
		{8FF8839A-1D48-3130-857B-2E0452CAB2DD}.Debug|x64.Build.0 = Debug|x64
		{8FF8839A-1D48-3130-857B-2E0452CAB2DD}.Release|x64.ActiveCfg = Release|x64
		{8FF8839A-1D48-3130-857B-2E0452CAB2DD}.Release|x64.Build.0 = Release|x64
		{65929995-E37C-33F0-8230-D0D05B8338B4}.Debug|x64.ActiveCfg = Debug|x64
		{65929995-E37C-33F0-8230-D0D05B8338B4}.Debug|x64.Build.0 = Debug|x64
		{65929995-E37C-33F0-8230-D0D05B8338B4}.Release|x64.ActiveCfg = Release|x64
		{65929995-E37C-33F0-8230-D0D05B8338B4}.Release|x64.Build.0 = Release|x64
		{71E0AC2B-56AF-3504-8CD0-248294B8534F}.Debug|x64.ActiveCfg = Debug|x64
		{71E0AC2B-56AF-3504-8CD0-248294B8534F}.Debug|x64.Build.0 = Debug|x64
		{71E0AC2B-56AF-3504-8CD0-248294B8534F}.Release|x64.ActiveCfg = Release|x64
		{71E0AC2B-56AF-3504-8CD0-248294B8534F}.Release|x64.Build.0 = Release|x64
		{6A87FC9B-C743-3FFF-85C0-B319CC9CAB02}.Debug|x64.ActiveCfg = Debug|x64
		{6A87FC9B-C743-3FFF-85C0-B319CC9CAB02}.Debug|x64.Build.0 = Debug|x64
		{6A87FC9B-C743-3FFF-85C0-B319CC9CAB02}.Release|x64.ActiveCfg = Release|x64
		{6A87FC9B-C743-3FFF-85C0-B319CC9CAB02}.Release|x64.Build.0 = Release|x64
		{DF247232-E76F-35A9-91A9-90BFA5E911A6}.Debug|x64.ActiveCfg = Debug|x64
		{DF247232-E76F-35A9-91A9-90BFA5E911A6}.Debug|x64.Build.0 = Debug|x64
		{DF247232-E76F-35A9-91A9-90BFA5E911A6}.Release|x64.ActiveCfg = Release|x64
		{DF247232-E76F-35A9-91A9-90BFA5E911A6}.Release|x64.Build.0 = Release|x64
	EndGlobalSection
	GlobalSection(NestedProjects) = preSolution
		{DEA35E7F-8358-3A03-9E1F-CE674B2C9B3F} = {9C6142D6-0898-3B83-B0EF-4B971E4132F8}
		{8FC7EA6E-4EB0-3880-8737-1CE6C1DAE3E0} = {9C6142D6-0898-3B83-B0EF-4B971E4132F8}
		{67AB0B8B-788C-3270-8EF0-8FB3A9CCF13B} = {9C6142D6-0898-3B83-B0EF-4B971E4132F8}
		{14CF728B-5B0C-310A-ADD0-7165CEA2D1C6} = {9C6142D6-0898-3B83-B0EF-4B971E4132F8}
		{5B2E47BE-6D59-34A0-874C-5E602CA4FC51} = {E96722D1-567A-3BED-928A-98D4EE8AA2FA}
		{6A87FC9B-C743-3FFF-85C0-B319CC9CAB02} = {5C83839A-EF0E-394F-BEFC-E7A5546DBFEB}
		{DF247232-E76F-35A9-91A9-90BFA5E911A6} = {5C83839A-EF0E-394F-BEFC-E7A5546DBFEB}
		{343DC320-B473-3B59-A194-C7FE0FCCCD85} = {AAAF2004-89DF-3FED-9337-07237CB68773}
		{8FF8839A-1D48-3130-857B-2E0452CAB2DD} = {AAAF2004-89DF-3FED-9337-07237CB68773}
		{65929995-E37C-33F0-8230-D0D05B8338B4} = {AAAF2004-89DF-3FED-9337-07237CB68773}
		{71E0AC2B-56AF-3504-8CD0-248294B8534F} = {AAAF2004-89DF-3FED-9337-07237CB68773}
	EndGlobalSection
	GlobalSection(ExtensibilityGlobals) = postSolution
	EndGlobalSection
	GlobalSection(ExtensibilityAddIns) = postSolution
	EndGlobalSection
EndGlobal
